// !$*UTF8*$!
{
	archiveVersion = 1;
	classes = {
	};
	objectVersion = 50;
	objects = {

/* Begin PBXBuildFile section */
		421538F7223D7ED40062613A /* Задача 9 – Особая тройка Пифагора.cpp in Sources */ = {isa = PBXBuildFile; fileRef = 4243D9512235C4DB0099E7F7 /* Задача 9 – Особая тройка Пифагора.cpp */; };
		42EB3EA0223F6C5200251160 /* Задача 25 – 1000-Значное число Фибоначчи.cpp in Sources */ = {isa = PBXBuildFile; fileRef = 42EB3E9F223F6C5200251160 /* Задача 25 – 1000-Значное число Фибоначчи.cpp */; };
/* End PBXBuildFile section */

/* Begin PBXCopyFilesBuildPhase section */
		42C7A3622233229200A58B0A /* CopyFiles */ = {
			isa = PBXCopyFilesBuildPhase;
			buildActionMask = 2147483647;
			dstPath = /usr/share/man/man1/;
			dstSubfolderSpec = 0;
			files = (
			);
			runOnlyForDeploymentPostprocessing = 1;
		};
/* End PBXCopyFilesBuildPhase section */

/* Begin PBXFileReference section */
		4243D9512235C4DB0099E7F7 /* Задача 9 – Особая тройка Пифагора.cpp */ = {isa = PBXFileReference; lastKnownFileType = sourcecode.cpp.cpp; path = "Задача 9 – Особая тройка Пифагора.cpp"; sourceTree = "<group>"; };
		4243D954223630960099E7F7 /* Задача 11 – Наибольшее произведение в таблице.cpp */ = {isa = PBXFileReference; lastKnownFileType = sourcecode.cpp.cpp; path = "Задача 11 – Наибольшее произведение в таблице.cpp"; sourceTree = "<group>"; };
		4254038B2236EBD0006A8FC6 /* Задача 13 – Большая сумма.cpp */ = {isa = PBXFileReference; lastKnownFileType = sourcecode.cpp.cpp; path = "Задача 13 – Большая сумма.cpp"; sourceTree = "<group>"; };
		42C7A3642233229200A58B0A /* C++ */ = {isa = PBXFileReference; explicitFileType = "compiled.mach-o.executable"; includeInIndex = 0; path = "C++"; sourceTree = BUILT_PRODUCTS_DIR; };
		42C7A36E223322B100A58B0A /* Задача 2 – Четные числа Фибоначчи.cpp */ = {isa = PBXFileReference; fileEncoding = 4; lastKnownFileType = sourcecode.cpp.cpp; path = "Задача 2 – Четные числа Фибоначчи.cpp"; sourceTree = "<group>"; };
		42C7A36F223322B100A58B0A /* Задача 4 – Наибольшее произведение-палиндром.cpp */ = {isa = PBXFileReference; fileEncoding = 4; lastKnownFileType = sourcecode.cpp.cpp; path = "Задача 4 – Наибольшее произведение-палиндром.cpp"; sourceTree = "<group>"; };
		42C7A370223322B100A58B0A /* Задача 1 – Числа, кратные 3 или 5.cpp */ = {isa = PBXFileReference; fileEncoding = 4; lastKnownFileType = sourcecode.cpp.cpp; path = "Задача 1 – Числа, кратные 3 или 5.cpp"; sourceTree = "<group>"; };
		42C7A371223322B100A58B0A /* Задача 3 – Наибольший простой делитель.cpp */ = {isa = PBXFileReference; fileEncoding = 4; lastKnownFileType = sourcecode.cpp.cpp; path = "Задача 3 – Наибольший простой делитель.cpp"; sourceTree = "<group>"; };
		42C7A37A223328FE00A58B0A /* Задача 5 – Наименьшее кратное.cpp */ = {isa = PBXFileReference; lastKnownFileType = sourcecode.cpp.cpp; path = "Задача 5 – Наименьшее кратное.cpp"; sourceTree = "<group>"; };
		42C7A37C2233BB6A00A58B0A /* Задача 6 – Разность между суммой квадратов и квадратом суммы.cpp */ = {isa = PBXFileReference; lastKnownFileType = sourcecode.cpp.cpp; path = "Задача 6 – Разность между суммой квадратов и квадратом суммы.cpp"; sourceTree = "<group>"; };
		42C7A37F2233BE9700A58B0A /* Задача 7 – 10001-ое простое число.cpp */ = {isa = PBXFileReference; lastKnownFileType = sourcecode.cpp.cpp; path = "Задача 7 – 10001-ое простое число.cpp"; sourceTree = "<group>"; };
		42C7A3812233C6C900A58B0A /* Задача 8 – Наибольшее произведение в последовательности.cpp */ = {isa = PBXFileReference; lastKnownFileType = sourcecode.cpp.cpp; path = "Задача 8 – Наибольшее произведение в последовательности.cpp"; sourceTree = "<group>"; };
		42EB3E9F223F6C5200251160 /* Задача 25 – 1000-Значное число Фибоначчи.cpp */ = {isa = PBXFileReference; lastKnownFileType = sourcecode.cpp.cpp; path = "Задача 25 – 1000-Значное число Фибоначчи.cpp"; sourceTree = "<group>"; };
/* End PBXFileReference section */

/* Begin PBXFrameworksBuildPhase section */
		42C7A3612233229200A58B0A /* Frameworks */ = {
			isa = PBXFrameworksBuildPhase;
			buildActionMask = 2147483647;
			files = (
			);
			runOnlyForDeploymentPostprocessing = 0;
		};
/* End PBXFrameworksBuildPhase section */

/* Begin PBXGroup section */
		42C7A35B2233229200A58B0A = {
			isa = PBXGroup;
			children = (
				42C7A3662233229200A58B0A /* C++ */,
				42C7A3652233229200A58B0A /* Products */,
			);
			sourceTree = "<group>";
		};
		42C7A3652233229200A58B0A /* Products */ = {
			isa = PBXGroup;
			children = (
				42C7A3642233229200A58B0A /* C++ */,
			);
			name = Products;
			sourceTree = "<group>";
		};
		42C7A3662233229200A58B0A /* C++ */ = {
			isa = PBXGroup;
			children = (
				42C7A370223322B100A58B0A /* Задача 1 – Числа, кратные 3 или 5.cpp */,
				42C7A36E223322B100A58B0A /* Задача 2 – Четные числа Фибоначчи.cpp */,
				42C7A371223322B100A58B0A /* Задача 3 – Наибольший простой делитель.cpp */,
				42C7A36F223322B100A58B0A /* Задача 4 – Наибольшее произведение-палиндром.cpp */,
				42C7A37A223328FE00A58B0A /* Задача 5 – Наименьшее кратное.cpp */,
				42C7A37C2233BB6A00A58B0A /* Задача 6 – Разность между суммой квадратов и квадратом суммы.cpp */,
				42C7A37F2233BE9700A58B0A /* Задача 7 – 10001-ое простое число.cpp */,
				42C7A3812233C6C900A58B0A /* Задача 8 – Наибольшее произведение в последовательности.cpp */,
				4243D9512235C4DB0099E7F7 /* Задача 9 – Особая тройка Пифагора.cpp */,
				4243D954223630960099E7F7 /* Задача 11 – Наибольшее произведение в таблице.cpp */,
				4254038B2236EBD0006A8FC6 /* Задача 13 – Большая сумма.cpp */,
				42EB3E9F223F6C5200251160 /* Задача 25 – 1000-Значное число Фибоначчи.cpp */,
			);
			path = "C++";
			sourceTree = "<group>";
		};
/* End PBXGroup section */

/* Begin PBXNativeTarget section */
		42C7A3632233229200A58B0A /* C++ */ = {
			isa = PBXNativeTarget;
			buildConfigurationList = 42C7A36B2233229200A58B0A /* Build configuration list for PBXNativeTarget "C++" */;
			buildPhases = (
				42C7A3602233229200A58B0A /* Sources */,
				42C7A3612233229200A58B0A /* Frameworks */,
				42C7A3622233229200A58B0A /* CopyFiles */,
			);
			buildRules = (
			);
			dependencies = (
			);
			name = "C++";
			productName = "C++";
			productReference = 42C7A3642233229200A58B0A /* C++ */;
			productType = "com.apple.product-type.tool";
		};
/* End PBXNativeTarget section */

/* Begin PBXProject section */
		42C7A35C2233229200A58B0A /* Project object */ = {
			isa = PBXProject;
			attributes = {
				LastUpgradeCheck = 1010;
				ORGANIZATIONNAME = "Dmitry Gridnev";
				TargetAttributes = {
					42C7A3632233229200A58B0A = {
						CreatedOnToolsVersion = 10.1;
					};
				};
			};
			buildConfigurationList = 42C7A35F2233229200A58B0A /* Build configuration list for PBXProject "C++" */;
			compatibilityVersion = "Xcode 9.3";
			developmentRegion = en;
			hasScannedForEncodings = 0;
			knownRegions = (
				en,
			);
			mainGroup = 42C7A35B2233229200A58B0A;
			productRefGroup = 42C7A3652233229200A58B0A /* Products */;
			projectDirPath = "";
			projectRoot = "";
			targets = (
				42C7A3632233229200A58B0A /* C++ */,
			);
		};
/* End PBXProject section */

/* Begin PBXSourcesBuildPhase section */
		42C7A3602233229200A58B0A /* Sources */ = {
			isa = PBXSourcesBuildPhase;
			buildActionMask = 2147483647;
			files = (
				421538F7223D7ED40062613A /* Задача 9 – Особая тройка Пифагора.cpp in Sources */,
				42EB3EA0223F6C5200251160 /* Задача 25 – 1000-Значное число Фибоначчи.cpp in Sources */,
			);
			runOnlyForDeploymentPostprocessing = 0;
		};
/* End PBXSourcesBuildPhase section */

/* Begin XCBuildConfiguration section */
		42C7A3692233229200A58B0A /* Debug */ = {
			isa = XCBuildConfiguration;
			buildSettings = {
				ALWAYS_SEARCH_USER_PATHS = NO;
				CLANG_ANALYZER_NONNULL = YES;
				CLANG_ANALYZER_NUMBER_OBJECT_CONVERSION = YES_AGGRESSIVE;
				CLANG_CXX_LANGUAGE_STANDARD = "gnu++14";
				CLANG_CXX_LIBRARY = "libc++";
				CLANG_ENABLE_MODULES = YES;
				CLANG_ENABLE_OBJC_ARC = YES;
				CLANG_ENABLE_OBJC_WEAK = YES;
				CLANG_WARN_BLOCK_CAPTURE_AUTORELEASING = YES;
				CLANG_WARN_BOOL_CONVERSION = YES;
				CLANG_WARN_COMMA = YES;
				CLANG_WARN_CONSTANT_CONVERSION = YES;
				CLANG_WARN_DEPRECATED_OBJC_IMPLEMENTATIONS = YES;
				CLANG_WARN_DIRECT_OBJC_ISA_USAGE = YES_ERROR;
				CLANG_WARN_DOCUMENTATION_COMMENTS = YES;
				CLANG_WARN_EMPTY_BODY = YES;
				CLANG_WARN_ENUM_CONVERSION = YES;
				CLANG_WARN_INFINITE_RECURSION = YES;
				CLANG_WARN_INT_CONVERSION = YES;
				CLANG_WARN_NON_LITERAL_NULL_CONVERSION = YES;
				CLANG_WARN_OBJC_IMPLICIT_RETAIN_SELF = YES;
				CLANG_WARN_OBJC_LITERAL_CONVERSION = YES;
				CLANG_WARN_OBJC_ROOT_CLASS = YES_ERROR;
				CLANG_WARN_RANGE_LOOP_ANALYSIS = YES;
				CLANG_WARN_STRICT_PROTOTYPES = YES;
				CLANG_WARN_SUSPICIOUS_MOVE = YES;
				CLANG_WARN_UNGUARDED_AVAILABILITY = YES_AGGRESSIVE;
				CLANG_WARN_UNREACHABLE_CODE = YES;
				CLANG_WARN__DUPLICATE_METHOD_MATCH = YES;
				CODE_SIGN_IDENTITY = "Mac Developer";
				COPY_PHASE_STRIP = NO;
				DEBUG_INFORMATION_FORMAT = dwarf;
				ENABLE_STRICT_OBJC_MSGSEND = YES;
				ENABLE_TESTABILITY = YES;
				GCC_C_LANGUAGE_STANDARD = gnu11;
				GCC_DYNAMIC_NO_PIC = NO;
				GCC_NO_COMMON_BLOCKS = YES;
				GCC_OPTIMIZATION_LEVEL = 0;
				GCC_PREPROCESSOR_DEFINITIONS = (
					"DEBUG=1",
					"$(inherited)",
				);
				GCC_WARN_64_TO_32_BIT_CONVERSION = YES;
				GCC_WARN_ABOUT_RETURN_TYPE = YES_ERROR;
				GCC_WARN_UNDECLARED_SELECTOR = YES;
				GCC_WARN_UNINITIALIZED_AUTOS = YES_AGGRESSIVE;
				GCC_WARN_UNUSED_FUNCTION = YES;
				GCC_WARN_UNUSED_VARIABLE = YES;
				MACOSX_DEPLOYMENT_TARGET = 10.14;
				MTL_ENABLE_DEBUG_INFO = INCLUDE_SOURCE;
				MTL_FAST_MATH = YES;
				ONLY_ACTIVE_ARCH = YES;
				SDKROOT = macosx;
			};
			name = Debug;
		};
		42C7A36A2233229200A58B0A /* Release */ = {
			isa = XCBuildConfiguration;
			buildSettings = {
				ALWAYS_SEARCH_USER_PATHS = NO;
				CLANG_ANALYZER_NONNULL = YES;
				CLANG_ANALYZER_NUMBER_OBJECT_CONVERSION = YES_AGGRESSIVE;
				CLANG_CXX_LANGUAGE_STANDARD = "gnu++14";
				CLANG_CXX_LIBRARY = "libc++";
				CLANG_ENABLE_MODULES = YES;
				CLANG_ENABLE_OBJC_ARC = YES;
				CLANG_ENABLE_OBJC_WEAK = YES;
				CLANG_WARN_BLOCK_CAPTURE_AUTORELEASING = YES;
				CLANG_WARN_BOOL_CONVERSION = YES;
				CLANG_WARN_COMMA = YES;
				CLANG_WARN_CONSTANT_CONVERSION = YES;
				CLANG_WARN_DEPRECATED_OBJC_IMPLEMENTATIONS = YES;
				CLANG_WARN_DIRECT_OBJC_ISA_USAGE = YES_ERROR;
				CLANG_WARN_DOCUMENTATION_COMMENTS = YES;
				CLANG_WARN_EMPTY_BODY = YES;
				CLANG_WARN_ENUM_CONVERSION = YES;
				CLANG_WARN_INFINITE_RECURSION = YES;
				CLANG_WARN_INT_CONVERSION = YES;
				CLANG_WARN_NON_LITERAL_NULL_CONVERSION = YES;
				CLANG_WARN_OBJC_IMPLICIT_RETAIN_SELF = YES;
				CLANG_WARN_OBJC_LITERAL_CONVERSION = YES;
				CLANG_WARN_OBJC_ROOT_CLASS = YES_ERROR;
				CLANG_WARN_RANGE_LOOP_ANALYSIS = YES;
				CLANG_WARN_STRICT_PROTOTYPES = YES;
				CLANG_WARN_SUSPICIOUS_MOVE = YES;
				CLANG_WARN_UNGUARDED_AVAILABILITY = YES_AGGRESSIVE;
				CLANG_WARN_UNREACHABLE_CODE = YES;
				CLANG_WARN__DUPLICATE_METHOD_MATCH = YES;
				CODE_SIGN_IDENTITY = "Mac Developer";
				COPY_PHASE_STRIP = NO;
				DEBUG_INFORMATION_FORMAT = "dwarf-with-dsym";
				ENABLE_NS_ASSERTIONS = NO;
				ENABLE_STRICT_OBJC_MSGSEND = YES;
				GCC_C_LANGUAGE_STANDARD = gnu11;
				GCC_NO_COMMON_BLOCKS = YES;
				GCC_WARN_64_TO_32_BIT_CONVERSION = YES;
				GCC_WARN_ABOUT_RETURN_TYPE = YES_ERROR;
				GCC_WARN_UNDECLARED_SELECTOR = YES;
				GCC_WARN_UNINITIALIZED_AUTOS = YES_AGGRESSIVE;
				GCC_WARN_UNUSED_FUNCTION = YES;
				GCC_WARN_UNUSED_VARIABLE = YES;
				MACOSX_DEPLOYMENT_TARGET = 10.14;
				MTL_ENABLE_DEBUG_INFO = NO;
				MTL_FAST_MATH = YES;
				SDKROOT = macosx;
			};
			name = Release;
		};
		42C7A36C2233229200A58B0A /* Debug */ = {
			isa = XCBuildConfiguration;
			buildSettings = {
				CODE_SIGN_STYLE = Automatic;
				DEVELOPMENT_TEAM = P76V9Q5XAZ;
				PRODUCT_NAME = "$(TARGET_NAME)";
			};
			name = Debug;
		};
		42C7A36D2233229200A58B0A /* Release */ = {
			isa = XCBuildConfiguration;
			buildSettings = {
				CODE_SIGN_STYLE = Automatic;
				DEVELOPMENT_TEAM = P76V9Q5XAZ;
				PRODUCT_NAME = "$(TARGET_NAME)";
			};
			name = Release;
		};
/* End XCBuildConfiguration section */

/* Begin XCConfigurationList section */
		42C7A35F2233229200A58B0A /* Build configuration list for PBXProject "C++" */ = {
			isa = XCConfigurationList;
			buildConfigurations = (
				42C7A3692233229200A58B0A /* Debug */,
				42C7A36A2233229200A58B0A /* Release */,
			);
			defaultConfigurationIsVisible = 0;
			defaultConfigurationName = Release;
		};
		42C7A36B2233229200A58B0A /* Build configuration list for PBXNativeTarget "C++" */ = {
			isa = XCConfigurationList;
			buildConfigurations = (
				42C7A36C2233229200A58B0A /* Debug */,
				42C7A36D2233229200A58B0A /* Release */,
			);
			defaultConfigurationIsVisible = 0;
			defaultConfigurationName = Release;
		};
/* End XCConfigurationList section */
	};
	rootObject = 42C7A35C2233229200A58B0A /* Project object */;
}
