Microsoft Visual Studio Solution File, Format Version 8.00
Project("{FAE04EC0-301F-11D3-BF4B-00C04F79EFBC}") = "WindowsApplication4", "WindowsApplication4.csproj", "{CB573AD4-239B-4D2F-B860-F1432719DBB7}"
	ProjectSection(ProjectDependencies) = postProject
	EndProjectSection
EndProject
Global
	GlobalSection(SolutionConfiguration) = preSolution
		Debug = Debug
		Release = Release
	EndGlobalSection
	GlobalSection(ProjectConfiguration) = postSolution
		{CB573AD4-239B-4D2F-B860-F1432719DBB7}.Debug.ActiveCfg = Debug|.NET
		{CB573AD4-239B-4D2F-B860-F1432719DBB7}.Debug.Build.0 = Debug|.NET
		{CB573AD4-239B-4D2F-B860-F1432719DBB7}.Release.ActiveCfg = Release|.NET
		{CB573AD4-239B-4D2F-B860-F1432719DBB7}.Release.Build.0 = Release|.NET
	EndGlobalSection
	GlobalSection(ExtensibilityGlobals) = postSolution
	EndGlobalSection
	GlobalSection(ExtensibilityAddIns) = postSolution
	EndGlobalSection
EndGlobal
