
Microsoft Visual Studio Solution File, Format Version 10.00
# Visual Studio 2008
Project("{FAE04EC0-301F-11D3-BF4B-00C04F79EFBC}") = "MyList", "MyList.csproj", "{C7F1EC3C-064D-4799-A544-2F30F4370960}"
EndProject
Global
	GlobalSection(SolutionConfigurationPlatforms) = preSolution
		Debug|Any CPU = Debug|Any CPU
		Release|Any CPU = Release|Any CPU
	EndGlobalSection
	GlobalSection(ProjectConfigurationPlatforms) = postSolution
		{C7F1EC3C-064D-4799-A544-2F30F4370960}.Debug|Any CPU.ActiveCfg = Debug|Any CPU
		{C7F1EC3C-064D-4799-A544-2F30F4370960}.Debug|Any CPU.Build.0 = Debug|Any CPU
		{C7F1EC3C-064D-4799-A544-2F30F4370960}.Release|Any CPU.ActiveCfg = Release|Any CPU
		{C7F1EC3C-064D-4799-A544-2F30F4370960}.Release|Any CPU.Build.0 = Release|Any CPU
	EndGlobalSection
	GlobalSection(SolutionProperties) = preSolution
		HideSolutionNode = FALSE
	EndGlobalSection
EndGlobal
