
Microsoft Visual Studio Solution File, Format Version 9.00
# Visual Studio 2005
Project("{FAE04EC0-301F-11D3-BF4B-00C04F79EFBC}") = "WindowsApplication1", "WindowsApplication1\WindowsApplication1.csproj", "{135504E0-40D6-4E61-B93B-7ACE5468E142}"
EndProject
Global
	GlobalSection(SolutionConfigurationPlatforms) = preSolution
		Debug|Any CPU = Debug|Any CPU
		Release|Any CPU = Release|Any CPU
	EndGlobalSection
	GlobalSection(ProjectConfigurationPlatforms) = postSolution
		{135504E0-40D6-4E61-B93B-7ACE5468E142}.Debug|Any CPU.ActiveCfg = Debug|Any CPU
		{135504E0-40D6-4E61-B93B-7ACE5468E142}.Debug|Any CPU.Build.0 = Debug|Any CPU
		{135504E0-40D6-4E61-B93B-7ACE5468E142}.Release|Any CPU.ActiveCfg = Release|Any CPU
		{135504E0-40D6-4E61-B93B-7ACE5468E142}.Release|Any CPU.Build.0 = Release|Any CPU
	EndGlobalSection
	GlobalSection(SolutionProperties) = preSolution
		HideSolutionNode = FALSE
	EndGlobalSection
EndGlobal
