
Microsoft Visual Studio Solution File, Format Version 10.00
# Visual Studio 2008
Project("{FAE04EC0-301F-11D3-BF4B-00C04F79EFBC}") = "ConsoleApplication4", "ConsoleApplication4.csproj", "{C875AFA7-77C3-452E-96D1-E14991851AFB}"
EndProject
Global
	GlobalSection(SolutionConfigurationPlatforms) = preSolution
		Debug|Any CPU = Debug|Any CPU
		Release|Any CPU = Release|Any CPU
	EndGlobalSection
	GlobalSection(ProjectConfigurationPlatforms) = postSolution
		{C875AFA7-77C3-452E-96D1-E14991851AFB}.Debug|Any CPU.ActiveCfg = Debug|Any CPU
		{C875AFA7-77C3-452E-96D1-E14991851AFB}.Debug|Any CPU.Build.0 = Debug|Any CPU
		{C875AFA7-77C3-452E-96D1-E14991851AFB}.Release|Any CPU.ActiveCfg = Release|Any CPU
		{C875AFA7-77C3-452E-96D1-E14991851AFB}.Release|Any CPU.Build.0 = Release|Any CPU
	EndGlobalSection
	GlobalSection(SolutionProperties) = preSolution
		HideSolutionNode = FALSE
	EndGlobalSection
EndGlobal
