
Microsoft Visual Studio Solution File, Format Version 9.00
# Visual Studio 2005
Project("{FAE04EC0-301F-11D3-BF4B-00C04F79EFBC}") = "Пример3", "Пример3\Пример3.csproj", "{1DD97046-1ECF-4DFF-BBF7-2458CCE2D50F}"
EndProject
Global
	GlobalSection(SolutionConfigurationPlatforms) = preSolution
		Debug|Any CPU = Debug|Any CPU
		Release|Any CPU = Release|Any CPU
	EndGlobalSection
	GlobalSection(ProjectConfigurationPlatforms) = postSolution
		{1DD97046-1ECF-4DFF-BBF7-2458CCE2D50F}.Debug|Any CPU.ActiveCfg = Debug|Any CPU
		{1DD97046-1ECF-4DFF-BBF7-2458CCE2D50F}.Debug|Any CPU.Build.0 = Debug|Any CPU
		{1DD97046-1ECF-4DFF-BBF7-2458CCE2D50F}.Release|Any CPU.ActiveCfg = Release|Any CPU
		{1DD97046-1ECF-4DFF-BBF7-2458CCE2D50F}.Release|Any CPU.Build.0 = Release|Any CPU
	EndGlobalSection
	GlobalSection(SolutionProperties) = preSolution
		HideSolutionNode = FALSE
	EndGlobalSection
EndGlobal
