
Microsoft Visual Studio Solution File, Format Version 9.00
# Visual Studio 2005
Project("{FAE04EC0-301F-11D3-BF4B-00C04F79EFBC}") = "Интеграл", "Интеграл.csproj", "{F61CBC84-CF16-4AC8-97E6-BDFB6DF2E472}"
EndProject
Global
	GlobalSection(SolutionConfigurationPlatforms) = preSolution
		Debug|Any CPU = Debug|Any CPU
		Release|Any CPU = Release|Any CPU
	EndGlobalSection
	GlobalSection(ProjectConfigurationPlatforms) = postSolution
		{F61CBC84-CF16-4AC8-97E6-BDFB6DF2E472}.Debug|Any CPU.ActiveCfg = Debug|Any CPU
		{F61CBC84-CF16-4AC8-97E6-BDFB6DF2E472}.Debug|Any CPU.Build.0 = Debug|Any CPU
		{F61CBC84-CF16-4AC8-97E6-BDFB6DF2E472}.Release|Any CPU.ActiveCfg = Release|Any CPU
		{F61CBC84-CF16-4AC8-97E6-BDFB6DF2E472}.Release|Any CPU.Build.0 = Release|Any CPU
	EndGlobalSection
	GlobalSection(SolutionProperties) = preSolution
		HideSolutionNode = FALSE
	EndGlobalSection
EndGlobal
