
Microsoft Visual Studio Solution File, Format Version 10.00
# Visual Studio 2008
Project("{FAE04EC0-301F-11D3-BF4B-00C04F79EFBC}") = "Композиция_Класс", "Композиция_Класс.csproj", "{EB7788A9-3148-4390-AEF3-C7232282C964}"
EndProject
Global
	GlobalSection(SolutionConfigurationPlatforms) = preSolution
		Debug|Any CPU = Debug|Any CPU
		Release|Any CPU = Release|Any CPU
	EndGlobalSection
	GlobalSection(ProjectConfigurationPlatforms) = postSolution
		{EB7788A9-3148-4390-AEF3-C7232282C964}.Debug|Any CPU.ActiveCfg = Debug|Any CPU
		{EB7788A9-3148-4390-AEF3-C7232282C964}.Debug|Any CPU.Build.0 = Debug|Any CPU
		{EB7788A9-3148-4390-AEF3-C7232282C964}.Release|Any CPU.ActiveCfg = Release|Any CPU
		{EB7788A9-3148-4390-AEF3-C7232282C964}.Release|Any CPU.Build.0 = Release|Any CPU
	EndGlobalSection
	GlobalSection(SolutionProperties) = preSolution
		HideSolutionNode = FALSE
	EndGlobalSection
EndGlobal
