
Microsoft Visual Studio Solution File, Format Version 10.00
# Visual Studio 2008
Project("{FAE04EC0-301F-11D3-BF4B-00C04F79EFBC}") = "СортировкаМассиваСтудентов", "СортировкаМассиваСтудентов\СортировкаМассиваСтудентов.csproj", "{A519A8C0-8BF1-4CBD-8A4D-CD82E4A400AC}"
EndProject
Project("{FAE04EC0-301F-11D3-BF4B-00C04F79EFBC}") = "LibrarySort", "LibrarySort\LibrarySort.csproj", "{489ACBB0-0DE9-421B-8068-A1B2DB4315D6}"
EndProject
Global
	GlobalSection(SolutionConfigurationPlatforms) = preSolution
		Debug|Any CPU = Debug|Any CPU
		Release|Any CPU = Release|Any CPU
	EndGlobalSection
	GlobalSection(ProjectConfigurationPlatforms) = postSolution
		{A519A8C0-8BF1-4CBD-8A4D-CD82E4A400AC}.Debug|Any CPU.ActiveCfg = Debug|Any CPU
		{A519A8C0-8BF1-4CBD-8A4D-CD82E4A400AC}.Debug|Any CPU.Build.0 = Debug|Any CPU
		{A519A8C0-8BF1-4CBD-8A4D-CD82E4A400AC}.Release|Any CPU.ActiveCfg = Release|Any CPU
		{A519A8C0-8BF1-4CBD-8A4D-CD82E4A400AC}.Release|Any CPU.Build.0 = Release|Any CPU
		{489ACBB0-0DE9-421B-8068-A1B2DB4315D6}.Debug|Any CPU.ActiveCfg = Debug|Any CPU
		{489ACBB0-0DE9-421B-8068-A1B2DB4315D6}.Debug|Any CPU.Build.0 = Debug|Any CPU
		{489ACBB0-0DE9-421B-8068-A1B2DB4315D6}.Release|Any CPU.ActiveCfg = Release|Any CPU
		{489ACBB0-0DE9-421B-8068-A1B2DB4315D6}.Release|Any CPU.Build.0 = Release|Any CPU
	EndGlobalSection
	GlobalSection(SolutionProperties) = preSolution
		HideSolutionNode = FALSE
	EndGlobalSection
EndGlobal
